
Microsoft Visual Studio Solution File, Format Version 12.00
# Visual Studio Version 17
VisualStudioVersion = 17.10.35013.160
MinimumVisualStudioVersion = 10.0.40219.1
Project("{FAE04EC0-301F-11D3-BF4B-00C04F79EFBC}") = "OnlineCV", "OnlineCV\OnlineCV.csproj", "{2D51F71B-B16B-47EB-97F4-BEE47FBD6403}"
EndProject
Global
	GlobalSection(SolutionConfigurationPlatforms) = preSolution
		Debug|Any CPU = Debug|Any CPU
		Release|Any CPU = Release|Any CPU
	EndGlobalSection
	GlobalSection(ProjectConfigurationPlatforms) = postSolution
		{2D51F71B-B16B-47EB-97F4-BEE47FBD6403}.Debug|Any CPU.ActiveCfg = Debug|Any CPU
		{2D51F71B-B16B-47EB-97F4-BEE47FBD6403}.Debug|Any CPU.Build.0 = Debug|Any CPU
		{2D51F71B-B16B-47EB-97F4-BEE47FBD6403}.Release|Any CPU.ActiveCfg = Release|Any CPU
		{2D51F71B-B16B-47EB-97F4-BEE47FBD6403}.Release|Any CPU.Build.0 = Release|Any CPU
	EndGlobalSection
	GlobalSection(SolutionProperties) = preSolution
		HideSolutionNode = FALSE
	EndGlobalSection
	GlobalSection(ExtensibilityGlobals) = postSolution
		SolutionGuid = {6A22B605-A96E-4FB6-8A91-D2B43247162E}
	EndGlobalSection
EndGlobal
